
Microsoft Visual Studio Solution File, Format Version 12.00
# Visual Studio Version 17
VisualStudioVersion = 17.13.35825.156 d17.13
MinimumVisualStudioVersion = 10.0.40219.1
Project("{FAE04EC0-301F-11D3-BF4B-00C04F79EFBC}") = "taskbank", "taskbank\taskbank.csproj", "{F170C6BB-4108-4A6B-B45A-C0D422B92F1D}"
EndProject
Global
	GlobalSection(SolutionConfigurationPlatforms) = preSolution
		Debug|Any CPU = Debug|Any CPU
		Release|Any CPU = Release|Any CPU
	EndGlobalSection
	GlobalSection(ProjectConfigurationPlatforms) = postSolution
		{F170C6BB-4108-4A6B-B45A-C0D422B92F1D}.Debug|Any CPU.ActiveCfg = Debug|Any CPU
		{F170C6BB-4108-4A6B-B45A-C0D422B92F1D}.Debug|Any CPU.Build.0 = Debug|Any CPU
		{F170C6BB-4108-4A6B-B45A-C0D422B92F1D}.Release|Any CPU.ActiveCfg = Release|Any CPU
		{F170C6BB-4108-4A6B-B45A-C0D422B92F1D}.Release|Any CPU.Build.0 = Release|Any CPU
	EndGlobalSection
	GlobalSection(SolutionProperties) = preSolution
		HideSolutionNode = FALSE
	EndGlobalSection
	GlobalSection(ExtensibilityGlobals) = postSolution
		SolutionGuid = {AA59FE8D-B18E-47DF-87E4-DBACF4E8EDD4}
	EndGlobalSection
EndGlobal
